
Microsoft Visual Studio Solution File, Format Version 12.00
# Visual Studio 15
VisualStudioVersion = 15.0.28307.1300
MinimumVisualStudioVersion = 10.0.40219.1
Project("{FAE04EC0-301F-11D3-BF4B-00C04F79EFBC}") = "IptvSales", "IptvSales\IptvSales.csproj", "{CA161376-5C5D-4BD6-98A8-F57281AB532E}"
EndProject
Project("{9A19103F-16F7-4668-BE54-9A1E7A4F7556}") = "Iptv.Domain", "Iptv.Domain\Iptv.Domain.csproj", "{F790723D-1CA8-492F-AC1A-764220D03FA7}"
EndProject
Project("{FAE04EC0-301F-11D3-BF4B-00C04F79EFBC}") = "UnitTestProject1", "UnitTestProject1\UnitTestProject1.csproj", "{B3B7981A-E6C9-4F9D-92F3-0ACB125D553A}"
EndProject
Project("{FAE04EC0-301F-11D3-BF4B-00C04F79EFBC}") = "IptvSaless", "IptvSaless\IptvSaless.csproj", "{8B791142-178D-4516-9870-0C0EC5D174CF}"
EndProject
Global
	GlobalSection(SolutionConfigurationPlatforms) = preSolution
		Debug|Any CPU = Debug|Any CPU
		Release|Any CPU = Release|Any CPU
	EndGlobalSection
	GlobalSection(ProjectConfigurationPlatforms) = postSolution
		{CA161376-5C5D-4BD6-98A8-F57281AB532E}.Debug|Any CPU.ActiveCfg = Debug|Any CPU
		{CA161376-5C5D-4BD6-98A8-F57281AB532E}.Debug|Any CPU.Build.0 = Debug|Any CPU
		{CA161376-5C5D-4BD6-98A8-F57281AB532E}.Release|Any CPU.ActiveCfg = Release|Any CPU
		{CA161376-5C5D-4BD6-98A8-F57281AB532E}.Release|Any CPU.Build.0 = Release|Any CPU
		{F790723D-1CA8-492F-AC1A-764220D03FA7}.Debug|Any CPU.ActiveCfg = Debug|Any CPU
		{F790723D-1CA8-492F-AC1A-764220D03FA7}.Debug|Any CPU.Build.0 = Debug|Any CPU
		{F790723D-1CA8-492F-AC1A-764220D03FA7}.Release|Any CPU.ActiveCfg = Release|Any CPU
		{F790723D-1CA8-492F-AC1A-764220D03FA7}.Release|Any CPU.Build.0 = Release|Any CPU
		{B3B7981A-E6C9-4F9D-92F3-0ACB125D553A}.Debug|Any CPU.ActiveCfg = Debug|Any CPU
		{B3B7981A-E6C9-4F9D-92F3-0ACB125D553A}.Debug|Any CPU.Build.0 = Debug|Any CPU
		{B3B7981A-E6C9-4F9D-92F3-0ACB125D553A}.Release|Any CPU.ActiveCfg = Release|Any CPU
		{B3B7981A-E6C9-4F9D-92F3-0ACB125D553A}.Release|Any CPU.Build.0 = Release|Any CPU
		{8B791142-178D-4516-9870-0C0EC5D174CF}.Debug|Any CPU.ActiveCfg = Debug|Any CPU
		{8B791142-178D-4516-9870-0C0EC5D174CF}.Debug|Any CPU.Build.0 = Debug|Any CPU
		{8B791142-178D-4516-9870-0C0EC5D174CF}.Release|Any CPU.ActiveCfg = Release|Any CPU
		{8B791142-178D-4516-9870-0C0EC5D174CF}.Release|Any CPU.Build.0 = Release|Any CPU
	EndGlobalSection
	GlobalSection(SolutionProperties) = preSolution
		HideSolutionNode = FALSE
	EndGlobalSection
	GlobalSection(ExtensibilityGlobals) = postSolution
		SolutionGuid = {69CFC6CD-FC4A-42F8-9A56-19C87D63BCBF}
	EndGlobalSection
EndGlobal
